<?xml version="1.0" encoding="utf-8"?>
<Project ToolsVersion="4.0" xmlns="http://schemas.microsoft.com/developer/msbuild/2003">
  <ItemGroup>
    <Filter Include="Source Files">
      <UniqueIdentifier>{4FC737F1-C7A5-4376-A066-2A32D752A2FF}</UniqueIdentifier>
      <Extensions>cpp;c;cc;cxx;c++;cppm;ixx;def;odl;idl;hpj;bat;asm;asmx</Extensions>
    </Filter>
    <Filter Include="Header Files">
      <UniqueIdentifier>{93995380-89BD-4b04-88EB-625FBE52EBFB}</UniqueIdentifier>
      <Extensions>h;hh;hpp;hxx;h++;hm;inl;inc;ipp;xsd</Extensions>
    </Filter>
    <Filter Include="Resource Files">
      <UniqueIdentifier>{67DA6AB6-F800-4c08-8B7A-83BB121AAD01}</UniqueIdentifier>
      <Extensions>rc;ico;cur;bmp;dlg;rc2;rct;bin;rgs;gif;jpg;jpeg;jpe;resx;tiff;tif;png;wav;mfcribbon-ms</Extensions>
    </Filter>
    <Filter Include="Source Files\engine">
      <UniqueIdentifier>{0a47dd27-46ed-458e-91e4-4a2f4f554a9a}</UniqueIdentifier>
    </Filter>
    <Filter Include="Source Files\external">
      <UniqueIdentifier>{63b43819-b836-481b-9216-c2eca89b2f40}</UniqueIdentifier>
    </Filter>
    <Filter Include="Source Files\engine\graphics">
      <UniqueIdentifier>{0b7a8d49-cbdf-473a-9a72-460ca2573826}</UniqueIdentifier>
    </Filter>
    <Filter Include="Source Files\engine\platform">
      <UniqueIdentifier>{9fceae42-ba75-4ccb-a314-1c2555aacd3a}</UniqueIdentifier>
    </Filter>
    <Filter Include="Source Files\engine\resource">
      <UniqueIdentifier>{22fd93ba-e2dd-4433-9dfe-655e6a0a04ad}</UniqueIdentifier>
    </Filter>
    <Filter Include="Source Files\engine\system">
      <UniqueIdentifier>{7f15cfce-17fc-42c4-9948-79ee7e9fc19a}</UniqueIdentifier>
    </Filter>
    <Filter Include="Source Files\engine\video">
      <UniqueIdentifier>{df0891d3-f1ab-4f80-a756-1c169ac9c91d}</UniqueIdentifier>
    </Filter>
  </ItemGroup>
  <ItemGroup>
    <ClCompile Include="..\..\src\main.cpp">
      <Filter>Source Files</Filter>
    </ClCompile>
    <ClCompile Include="..\..\external\tinyxml2.cpp">
      <Filter>Source Files\external</Filter>
    </ClCompile>
    <ClCompile Include="..\..\src\engine\graphics\DirectXRenderer.cpp">
      <Filter>Source Files\engine\graphics</Filter>
    </ClCompile>
    <ClCompile Include="..\..\src\engine\graphics\GraphicsInitializer.cpp">
      <Filter>Source Files\engine\graphics</Filter>
    </ClCompile>
    <ClCompile Include="..\..\src\engine\platform\DXInit.cpp">
      <Filter>Source Files\engine\platform</Filter>
    </ClCompile>
    <ClCompile Include="..\..\src\engine\platform\window.cpp">
      <Filter>Source Files\engine\platform</Filter>
    </ClCompile>
    <ClCompile Include="..\..\src\engine\resource\Bundle.cpp">
      <Filter>Source Files\engine\resource</Filter>
    </ClCompile>
    <ClCompile Include="..\..\src\engine\resource\FileProperties.cpp">
      <Filter>Source Files\engine\resource</Filter>
    </ClCompile>
    <ClCompile Include="..\..\src\engine\system\config.cpp">
      <Filter>Source Files\engine\system</Filter>
    </ClCompile>
    <ClCompile Include="..\..\src\engine\system\regconfig.cpp">
      <Filter>Source Files\engine\system</Filter>
    </ClCompile>
    <ClCompile Include="..\..\src\engine\video\Video.cpp">
      <Filter>Source Files\engine\video</Filter>
    </ClCompile>
    <ClCompile Include="..\..\src\engine\ApplicationFramework.cpp">
      <Filter>Source Files\engine</Filter>
    </ClCompile>
  </ItemGroup>
  <ItemGroup>
    <ClInclude Include="resource.h">
      <Filter>Header Files</Filter>
    </ClInclude>
  </ItemGroup>
  <ItemGroup>
    <ResourceCompile Include="RaymanReLegends.rc">
      <Filter>Resource Files</Filter>
    </ResourceCompile>
  </ItemGroup>
  <ItemGroup>
    <Image Include="icon.ico">
      <Filter>Resource Files</Filter>
    </Image>
  </ItemGroup>
</Project>